// !$*UTF8*$!
{
	archiveVersion = 1;
	classes = {
	};
	objectVersion = 50;
	objects = {

/* Begin PBXBuildFile section */
		531A9950237ADEB7009483F8 /* AppDelegate.swift in Sources */ = {isa = PBXBuildFile; fileRef = 531A994F237ADEB7009483F8 /* AppDelegate.swift */; };
		531A9952237ADEB7009483F8 /* SceneDelegate.swift in Sources */ = {isa = PBXBuildFile; fileRef = 531A9951237ADEB7009483F8 /* SceneDelegate.swift */; };
		531A9954237ADEB7009483F8 /* ContentView.swift in Sources */ = {isa = PBXBuildFile; fileRef = 531A9953237ADEB7009483F8 /* ContentView.swift */; };
		531A9956237ADEBA009483F8 /* Assets.xcassets in Resources */ = {isa = PBXBuildFile; fileRef = 531A9955237ADEBA009483F8 /* Assets.xcassets */; };
		531A9959237ADEBA009483F8 /* Preview Assets.xcassets in Resources */ = {isa = PBXBuildFile; fileRef = 531A9958237ADEBA009483F8 /* Preview Assets.xcassets */; };
		531A995C237ADEBA009483F8 /* LaunchScreen.storyboard in Resources */ = {isa = PBXBuildFile; fileRef = 531A995A237ADEBA009483F8 /* LaunchScreen.storyboard */; };
		531A9965237ADF69009483F8 /* EditPhotoView.swift in Sources */ = {isa = PBXBuildFile; fileRef = 531A9964237ADF69009483F8 /* EditPhotoView.swift */; };
/* End PBXBuildFile section */

/* Begin PBXFileReference section */
		531A994C237ADEB7009483F8 /* 00557133-hw3.app */ = {isa = PBXFileReference; explicitFileType = wrapper.application; includeInIndex = 0; path = "00557133-hw3.app"; sourceTree = BUILT_PRODUCTS_DIR; };
		531A994F237ADEB7009483F8 /* AppDelegate.swift */ = {isa = PBXFileReference; lastKnownFileType = sourcecode.swift; path = AppDelegate.swift; sourceTree = "<group>"; };
		531A9951237ADEB7009483F8 /* SceneDelegate.swift */ = {isa = PBXFileReference; lastKnownFileType = sourcecode.swift; path = SceneDelegate.swift; sourceTree = "<group>"; };
		531A9953237ADEB7009483F8 /* ContentView.swift */ = {isa = PBXFileReference; lastKnownFileType = sourcecode.swift; path = ContentView.swift; sourceTree = "<group>"; };
		531A9955237ADEBA009483F8 /* Assets.xcassets */ = {isa = PBXFileReference; lastKnownFileType = folder.assetcatalog; path = Assets.xcassets; sourceTree = "<group>"; };
		531A9958237ADEBA009483F8 /* Preview Assets.xcassets */ = {isa = PBXFileReference; lastKnownFileType = folder.assetcatalog; path = "Preview Assets.xcassets"; sourceTree = "<group>"; };
		531A995B237ADEBA009483F8 /* Base */ = {isa = PBXFileReference; lastKnownFileType = file.storyboard; name = Base; path = Base.lproj/LaunchScreen.storyboard; sourceTree = "<group>"; };
		531A995D237ADEBA009483F8 /* Info.plist */ = {isa = PBXFileReference; lastKnownFileType = text.plist.xml; path = Info.plist; sourceTree = "<group>"; };
		531A9964237ADF69009483F8 /* EditPhotoView.swift */ = {isa = PBXFileReference; lastKnownFileType = sourcecode.swift; path = EditPhotoView.swift; sourceTree = "<group>"; };
/* End PBXFileReference section */

/* Begin PBXFrameworksBuildPhase section */
		531A9949237ADEB7009483F8 /* Frameworks */ = {
			isa = PBXFrameworksBuildPhase;
			buildActionMask = 2147483647;
			files = (
			);
			runOnlyForDeploymentPostprocessing = 0;
		};
/* End PBXFrameworksBuildPhase section */

/* Begin PBXGroup section */
		531A9943237ADEB7009483F8 = {
			isa = PBXGroup;
			children = (
				531A994E237ADEB7009483F8 /* 00557133-hw3 */,
				531A994D237ADEB7009483F8 /* Products */,
			);
			sourceTree = "<group>";
		};
		531A994D237ADEB7009483F8 /* Products */ = {
			isa = PBXGroup;
			children = (
				531A994C237ADEB7009483F8 /* 00557133-hw3.app */,
			);
			name = Products;
			sourceTree = "<group>";
		};
		531A994E237ADEB7009483F8 /* 00557133-hw3 */ = {
			isa = PBXGroup;
			children = (
				531A994F237ADEB7009483F8 /* AppDelegate.swift */,
				531A9951237ADEB7009483F8 /* SceneDelegate.swift */,
				531A9964237ADF69009483F8 /* EditPhotoView.swift */,
				531A9953237ADEB7009483F8 /* ContentView.swift */,
				531A9955237ADEBA009483F8 /* Assets.xcassets */,
				531A995A237ADEBA009483F8 /* LaunchScreen.storyboard */,
				531A995D237ADEBA009483F8 /* Info.plist */,
				531A9957237ADEBA009483F8 /* Preview Content */,
			);
			path = "00557133-hw3";
			sourceTree = "<group>";
		};
		531A9957237ADEBA009483F8 /* Preview Content */ = {
			isa = PBXGroup;
			children = (
				531A9958237ADEBA009483F8 /* Preview Assets.xcassets */,
			);
			path = "Preview Content";
			sourceTree = "<group>";
		};
/* End PBXGroup section */

/* Begin PBXNativeTarget section */
		531A994B237ADEB7009483F8 /* 00557133-hw3 */ = {
			isa = PBXNativeTarget;
			buildConfigurationList = 531A9960237ADEBA009483F8 /* Build configuration list for PBXNativeTarget "00557133-hw3" */;
			buildPhases = (
				531A9948237ADEB7009483F8 /* Sources */,
				531A9949237ADEB7009483F8 /* Frameworks */,
				531A994A237ADEB7009483F8 /* Resources */,
			);
			buildRules = (
			);
			dependencies = (
			);
			name = "00557133-hw3";
			productName = "00557133-hw3";
			productReference = 531A994C237ADEB7009483F8 /* 00557133-hw3.app */;
			productType = "com.apple.product-type.application";
		};
/* End PBXNativeTarget section */

/* Begin PBXProject section */
		531A9944237ADEB7009483F8 /* Project object */ = {
			isa = PBXProject;
			attributes = {
				LastSwiftUpdateCheck = 1110;
				LastUpgradeCheck = 1110;
				ORGANIZATIONNAME = Yaoder;
				TargetAttributes = {
					531A994B237ADEB7009483F8 = {
						CreatedOnToolsVersion = 11.1;
					};
				};
			};
			buildConfigurationList = 531A9947237ADEB7009483F8 /* Build configuration list for PBXProject "00557133-hw3" */;
			compatibilityVersion = "Xcode 9.3";
			developmentRegion = en;
			hasScannedForEncodings = 0;
			knownRegions = (
				en,
				Base,
			);
			mainGroup = 531A9943237ADEB7009483F8;
			productRefGroup = 531A994D237ADEB7009483F8 /* Products */;
			projectDirPath = "";
			projectRoot = "";
			targets = (
				531A994B237ADEB7009483F8 /* 00557133-hw3 */,
			);
		};
/* End PBXProject section */

/* Begin PBXResourcesBuildPhase section */
		531A994A237ADEB7009483F8 /* Resources */ = {
			isa = PBXResourcesBuildPhase;
			buildActionMask = 2147483647;
			files = (
				531A995C237ADEBA009483F8 /* LaunchScreen.storyboard in Resources */,
				531A9959237ADEBA009483F8 /* Preview Assets.xcassets in Resources */,
				531A9956237ADEBA009483F8 /* Assets.xcassets in Resources */,
			);
			runOnlyForDeploymentPostprocessing = 0;
		};
/* End PBXResourcesBuildPhase section */

/* Begin PBXSourcesBuildPhase section */
		531A9948237ADEB7009483F8 /* Sources */ = {
			isa = PBXSourcesBuildPhase;
			buildActionMask = 2147483647;
			files = (
				531A9950237ADEB7009483F8 /* AppDelegate.swift in Sources */,
				531A9965237ADF69009483F8 /* EditPhotoView.swift in Sources */,
				531A9952237ADEB7009483F8 /* SceneDelegate.swift in Sources */,
				531A9954237ADEB7009483F8 /* ContentView.swift in Sources */,
			);
			runOnlyForDeploymentPostprocessing = 0;
		};
/* End PBXSourcesBuildPhase section */

/* Begin PBXVariantGroup section */
		531A995A237ADEBA009483F8 /* LaunchScreen.storyboard */ = {
			isa = PBXVariantGroup;
			children = (
				531A995B237ADEBA009483F8 /* Base */,
			);
			name = LaunchScreen.storyboard;
			sourceTree = "<group>";
		};
/* End PBXVariantGroup section */

/* Begin XCBuildConfiguration section */
		531A995E237ADEBA009483F8 /* Debug */ = {
			isa = XCBuildConfiguration;
			buildSettings = {
				ALWAYS_SEARCH_USER_PATHS = NO;
				CLANG_ANALYZER_NONNULL = YES;
				CLANG_ANALYZER_NUMBER_OBJECT_CONVERSION = YES_AGGRESSIVE;
				CLANG_CXX_LANGUAGE_STANDARD = "gnu++14";
				CLANG_CXX_LIBRARY = "libc++";
				CLANG_ENABLE_MODULES = YES;
				CLANG_ENABLE_OBJC_ARC = YES;
				CLANG_ENABLE_OBJC_WEAK = YES;
				CLANG_WARN_BLOCK_CAPTURE_AUTORELEASING = YES;
				CLANG_WARN_BOOL_CONVERSION = YES;
				CLANG_WARN_COMMA = YES;
				CLANG_WARN_CONSTANT_CONVERSION = YES;
				CLANG_WARN_DEPRECATED_OBJC_IMPLEMENTATIONS = YES;
				CLANG_WARN_DIRECT_OBJC_ISA_USAGE = YES_ERROR;
				CLANG_WARN_DOCUMENTATION_COMMENTS = YES;
				CLANG_WARN_EMPTY_BODY = YES;
				CLANG_WARN_ENUM_CONVERSION = YES;
				CLANG_WARN_INFINITE_RECURSION = YES;
				CLANG_WARN_INT_CONVERSION = YES;
				CLANG_WARN_NON_LITERAL_NULL_CONVERSION = YES;
				CLANG_WARN_OBJC_IMPLICIT_RETAIN_SELF = YES;
				CLANG_WARN_OBJC_LITERAL_CONVERSION = YES;
				CLANG_WARN_OBJC_ROOT_CLASS = YES_ERROR;
				CLANG_WARN_RANGE_LOOP_ANALYSIS = YES;
				CLANG_WARN_STRICT_PROTOTYPES = YES;
				CLANG_WARN_SUSPICIOUS_MOVE = YES;
				CLANG_WARN_UNGUARDED_AVAILABILITY = YES_AGGRESSIVE;
				CLANG_WARN_UNREACHABLE_CODE = YES;
				CLANG_WARN__DUPLICATE_METHOD_MATCH = YES;
				COPY_PHASE_STRIP = NO;
				DEBUG_INFORMATION_FORMAT = dwarf;
				ENABLE_STRICT_OBJC_MSGSEND = YES;
				ENABLE_TESTABILITY = YES;
				GCC_C_LANGUAGE_STANDARD = gnu11;
				GCC_DYNAMIC_NO_PIC = NO;
				GCC_NO_COMMON_BLOCKS = YES;
				GCC_OPTIMIZATION_LEVEL = 0;
				GCC_PREPROCESSOR_DEFINITIONS = (
					"DEBUG=1",
					"$(inherited)",
				);
				GCC_WARN_64_TO_32_BIT_CONVERSION = YES;
				GCC_WARN_ABOUT_RETURN_TYPE = YES_ERROR;
				GCC_WARN_UNDECLARED_SELECTOR = YES;
				GCC_WARN_UNINITIALIZED_AUTOS = YES_AGGRESSIVE;
				GCC_WARN_UNUSED_FUNCTION = YES;
				GCC_WARN_UNUSED_VARIABLE = YES;
				IPHONEOS_DEPLOYMENT_TARGET = 13.1;
				MTL_ENABLE_DEBUG_INFO = INCLUDE_SOURCE;
				MTL_FAST_MATH = YES;
				ONLY_ACTIVE_ARCH = YES;
				SDKROOT = iphoneos;
				SWIFT_ACTIVE_COMPILATION_CONDITIONS = DEBUG;
				SWIFT_OPTIMIZATION_LEVEL = "-Onone";
			};
			name = Debug;
		};
		531A995F237ADEBA009483F8 /* Release */ = {
			isa = XCBuildConfiguration;
			buildSettings = {
				ALWAYS_SEARCH_USER_PATHS = NO;
				CLANG_ANALYZER_NONNULL = YES;
				CLANG_ANALYZER_NUMBER_OBJECT_CONVERSION = YES_AGGRESSIVE;
				CLANG_CXX_LANGUAGE_STANDARD = "gnu++14";
				CLANG_CXX_LIBRARY = "libc++";
				CLANG_ENABLE_MODULES = YES;
				CLANG_ENABLE_OBJC_ARC = YES;
				CLANG_ENABLE_OBJC_WEAK = YES;
				CLANG_WARN_BLOCK_CAPTURE_AUTORELEASING = YES;
				CLANG_WARN_BOOL_CONVERSION = YES;
				CLANG_WARN_COMMA = YES;
				CLANG_WARN_CONSTANT_CONVERSION = YES;
				CLANG_WARN_DEPRECATED_OBJC_IMPLEMENTATIONS = YES;
				CLANG_WARN_DIRECT_OBJC_ISA_USAGE = YES_ERROR;
				CLANG_WARN_DOCUMENTATION_COMMENTS = YES;
				CLANG_WARN_EMPTY_BODY = YES;
				CLANG_WARN_ENUM_CONVERSION = YES;
				CLANG_WARN_INFINITE_RECURSION = YES;
				CLANG_WARN_INT_CONVERSION = YES;
				CLANG_WARN_NON_LITERAL_NULL_CONVERSION = YES;
				CLANG_WARN_OBJC_IMPLICIT_RETAIN_SELF = YES;
				CLANG_WARN_OBJC_LITERAL_CONVERSION = YES;
				CLANG_WARN_OBJC_ROOT_CLASS = YES_ERROR;
				CLANG_WARN_RANGE_LOOP_ANALYSIS = YES;
				CLANG_WARN_STRICT_PROTOTYPES = YES;
				CLANG_WARN_SUSPICIOUS_MOVE = YES;
				CLANG_WARN_UNGUARDED_AVAILABILITY = YES_AGGRESSIVE;
				CLANG_WARN_UNREACHABLE_CODE = YES;
				CLANG_WARN__DUPLICATE_METHOD_MATCH = YES;
				COPY_PHASE_STRIP = NO;
				DEBUG_INFORMATION_FORMAT = "dwarf-with-dsym";
				ENABLE_NS_ASSERTIONS = NO;
				ENABLE_STRICT_OBJC_MSGSEND = YES;
				GCC_C_LANGUAGE_STANDARD = gnu11;
				GCC_NO_COMMON_BLOCKS = YES;
				GCC_WARN_64_TO_32_BIT_CONVERSION = YES;
				GCC_WARN_ABOUT_RETURN_TYPE = YES_ERROR;
				GCC_WARN_UNDECLARED_SELECTOR = YES;
				GCC_WARN_UNINITIALIZED_AUTOS = YES_AGGRESSIVE;
				GCC_WARN_UNUSED_FUNCTION = YES;
				GCC_WARN_UNUSED_VARIABLE = YES;
				IPHONEOS_DEPLOYMENT_TARGET = 13.1;
				MTL_ENABLE_DEBUG_INFO = NO;
				MTL_FAST_MATH = YES;
				SDKROOT = iphoneos;
				SWIFT_COMPILATION_MODE = wholemodule;
				SWIFT_OPTIMIZATION_LEVEL = "-O";
				VALIDATE_PRODUCT = YES;
			};
			name = Release;
		};
		531A9961237ADEBA009483F8 /* Debug */ = {
			isa = XCBuildConfiguration;
			buildSettings = {
				ASSETCATALOG_COMPILER_APPICON_NAME = AppIcon;
				CODE_SIGN_STYLE = Automatic;
				DEVELOPMENT_ASSET_PATHS = "\"00557133-hw3/Preview Content\"";
				ENABLE_PREVIEWS = YES;
				INFOPLIST_FILE = "00557133-hw3/Info.plist";
				LD_RUNPATH_SEARCH_PATHS = (
					"$(inherited)",
					"@executable_path/Frameworks",
				);
				PRODUCT_BUNDLE_IDENTIFIER = "-0557133.-0557133-hw3";
				PRODUCT_NAME = "$(TARGET_NAME)";
				SWIFT_VERSION = 5.0;
				TARGETED_DEVICE_FAMILY = "1,2";
			};
			name = Debug;
		};
		531A9962237ADEBA009483F8 /* Release */ = {
			isa = XCBuildConfiguration;
			buildSettings = {
				ASSETCATALOG_COMPILER_APPICON_NAME = AppIcon;
				CODE_SIGN_STYLE = Automatic;
				DEVELOPMENT_ASSET_PATHS = "\"00557133-hw3/Preview Content\"";
				ENABLE_PREVIEWS = YES;
				INFOPLIST_FILE = "00557133-hw3/Info.plist";
				LD_RUNPATH_SEARCH_PATHS = (
					"$(inherited)",
					"@executable_path/Frameworks",
				);
				PRODUCT_BUNDLE_IDENTIFIER = "-0557133.-0557133-hw3";
				PRODUCT_NAME = "$(TARGET_NAME)";
				SWIFT_VERSION = 5.0;
				TARGETED_DEVICE_FAMILY = "1,2";
			};
			name = Release;
		};
/* End XCBuildConfiguration section */

/* Begin XCConfigurationList section */
		531A9947237ADEB7009483F8 /* Build configuration list for PBXProject "00557133-hw3" */ = {
			isa = XCConfigurationList;
			buildConfigurations = (
				531A995E237ADEBA009483F8 /* Debug */,
				531A995F237ADEBA009483F8 /* Release */,
			);
			defaultConfigurationIsVisible = 0;
			defaultConfigurationName = Release;
		};
		531A9960237ADEBA009483F8 /* Build configuration list for PBXNativeTarget "00557133-hw3" */ = {
			isa = XCConfigurationList;
			buildConfigurations = (
				531A9961237ADEBA009483F8 /* Debug */,
				531A9962237ADEBA009483F8 /* Release */,
			);
			defaultConfigurationIsVisible = 0;
			defaultConfigurationName = Release;
		};
/* End XCConfigurationList section */
	};
	rootObject = 531A9944237ADEB7009483F8 /* Project object */;
}
